
Microsoft Visual Studio Solution File, Format Version 12.00
# Visual Studio Version 17
VisualStudioVersion = 17.0.31903.59
MinimumVisualStudioVersion = 10.0.40219.1
Project("{FAE04EC0-301F-11D3-BF4B-00C04F79EFBC}") = "api", "api\api.csproj", "{3DFA48EE-A9F7-42E0-A1E1-C0877B5A1153}"
EndProject
Project("{FAE04EC0-301F-11D3-BF4B-00C04F79EFBC}") = "messages", "messages\messages.csproj", "{95697531-23C6-491D-9471-CEEC2277F9A5}"
EndProject
Project("{FAE04EC0-301F-11D3-BF4B-00C04F79EFBC}") = "publisher", "publisher\publisher.csproj", "{D49D27A3-0C80-42CC-9BD5-00E51845EFF4}"
EndProject
Project("{FAE04EC0-301F-11D3-BF4B-00C04F79EFBC}") = "apphost", "apphost\apphost.csproj", "{04FBD12D-0363-43C8-A6C1-086D2B0CB804}"
EndProject
Project("{FAE04EC0-301F-11D3-BF4B-00C04F79EFBC}") = "servicedefaults", "servicedefaults\servicedefaults.csproj", "{55056838-B365-4FF0-92E0-BB0E8C569F59}"
EndProject
Global
	GlobalSection(SolutionConfigurationPlatforms) = preSolution
		Debug|Any CPU = Debug|Any CPU
		Release|Any CPU = Release|Any CPU
	EndGlobalSection
	GlobalSection(SolutionProperties) = preSolution
		HideSolutionNode = FALSE
	EndGlobalSection
	GlobalSection(ProjectConfigurationPlatforms) = postSolution
		{3DFA48EE-A9F7-42E0-A1E1-C0877B5A1153}.Debug|Any CPU.ActiveCfg = Debug|Any CPU
		{3DFA48EE-A9F7-42E0-A1E1-C0877B5A1153}.Debug|Any CPU.Build.0 = Debug|Any CPU
		{3DFA48EE-A9F7-42E0-A1E1-C0877B5A1153}.Release|Any CPU.ActiveCfg = Release|Any CPU
		{3DFA48EE-A9F7-42E0-A1E1-C0877B5A1153}.Release|Any CPU.Build.0 = Release|Any CPU
		{95697531-23C6-491D-9471-CEEC2277F9A5}.Debug|Any CPU.ActiveCfg = Debug|Any CPU
		{95697531-23C6-491D-9471-CEEC2277F9A5}.Debug|Any CPU.Build.0 = Debug|Any CPU
		{95697531-23C6-491D-9471-CEEC2277F9A5}.Release|Any CPU.ActiveCfg = Release|Any CPU
		{95697531-23C6-491D-9471-CEEC2277F9A5}.Release|Any CPU.Build.0 = Release|Any CPU
		{D49D27A3-0C80-42CC-9BD5-00E51845EFF4}.Debug|Any CPU.ActiveCfg = Debug|Any CPU
		{D49D27A3-0C80-42CC-9BD5-00E51845EFF4}.Debug|Any CPU.Build.0 = Debug|Any CPU
		{D49D27A3-0C80-42CC-9BD5-00E51845EFF4}.Release|Any CPU.ActiveCfg = Release|Any CPU
		{D49D27A3-0C80-42CC-9BD5-00E51845EFF4}.Release|Any CPU.Build.0 = Release|Any CPU
		{04FBD12D-0363-43C8-A6C1-086D2B0CB804}.Debug|Any CPU.ActiveCfg = Debug|Any CPU
		{04FBD12D-0363-43C8-A6C1-086D2B0CB804}.Debug|Any CPU.Build.0 = Debug|Any CPU
		{04FBD12D-0363-43C8-A6C1-086D2B0CB804}.Release|Any CPU.ActiveCfg = Release|Any CPU
		{04FBD12D-0363-43C8-A6C1-086D2B0CB804}.Release|Any CPU.Build.0 = Release|Any CPU
		{55056838-B365-4FF0-92E0-BB0E8C569F59}.Debug|Any CPU.ActiveCfg = Debug|Any CPU
		{55056838-B365-4FF0-92E0-BB0E8C569F59}.Debug|Any CPU.Build.0 = Debug|Any CPU
		{55056838-B365-4FF0-92E0-BB0E8C569F59}.Release|Any CPU.ActiveCfg = Release|Any CPU
		{55056838-B365-4FF0-92E0-BB0E8C569F59}.Release|Any CPU.Build.0 = Release|Any CPU
	EndGlobalSection
EndGlobal
